
Microsoft Visual Studio Solution File, Format Version 12.00
# Visual Studio 15
VisualStudioVersion = 15.0.26730.16
MinimumVisualStudioVersion = 10.0.40219.1
Project("{FAE04EC0-301F-11D3-BF4B-00C04F79EFBC}") = "SignalProcessing", "SignalProcessing\SignalProcessing.csproj", "{C800DFC6-AEC4-4CDE-90FB-6666E2AE6343}"
EndProject
Project("{FAE04EC0-301F-11D3-BF4B-00C04F79EFBC}") = "SoundCut", "..\SoundCut\SoundCut.csproj", "{F2162758-CE2E-4375-B5CE-7661AA73263A}"
EndProject
Global
	GlobalSection(SolutionConfigurationPlatforms) = preSolution
		Debug|Any CPU = Debug|Any CPU
		Release|Any CPU = Release|Any CPU
	EndGlobalSection
	GlobalSection(ProjectConfigurationPlatforms) = postSolution
		{C800DFC6-AEC4-4CDE-90FB-6666E2AE6343}.Debug|Any CPU.ActiveCfg = Debug|Any CPU
		{C800DFC6-AEC4-4CDE-90FB-6666E2AE6343}.Debug|Any CPU.Build.0 = Debug|Any CPU
		{C800DFC6-AEC4-4CDE-90FB-6666E2AE6343}.Release|Any CPU.ActiveCfg = Release|Any CPU
		{C800DFC6-AEC4-4CDE-90FB-6666E2AE6343}.Release|Any CPU.Build.0 = Release|Any CPU
		{F2162758-CE2E-4375-B5CE-7661AA73263A}.Debug|Any CPU.ActiveCfg = Debug|Any CPU
		{F2162758-CE2E-4375-B5CE-7661AA73263A}.Debug|Any CPU.Build.0 = Debug|Any CPU
		{F2162758-CE2E-4375-B5CE-7661AA73263A}.Release|Any CPU.ActiveCfg = Release|Any CPU
		{F2162758-CE2E-4375-B5CE-7661AA73263A}.Release|Any CPU.Build.0 = Release|Any CPU
	EndGlobalSection
	GlobalSection(SolutionProperties) = preSolution
		HideSolutionNode = FALSE
	EndGlobalSection
	GlobalSection(ExtensibilityGlobals) = postSolution
		SolutionGuid = {FA0AF0D6-6EBF-4872-A457-01AC0D7AD9A9}
	EndGlobalSection
EndGlobal
